
Microsoft Visual Studio Solution File, Format Version 12.00
# Visual Studio Version 17
VisualStudioVersion = 17.8.34330.188
MinimumVisualStudioVersion = 10.0.40219.1
Project("{FAE04EC0-301F-11D3-BF4B-00C04F79EFBC}") = "testrebase", "testrebase\testrebase.csproj", "{7BC44CE4-BE8B-4D2C-ACFE-845B4AC751D4}"
EndProject
Global
	GlobalSection(SolutionConfigurationPlatforms) = preSolution
		Debug|Any CPU = Debug|Any CPU
		Release|Any CPU = Release|Any CPU
	EndGlobalSection
	GlobalSection(ProjectConfigurationPlatforms) = postSolution
		{7BC44CE4-BE8B-4D2C-ACFE-845B4AC751D4}.Debug|Any CPU.ActiveCfg = Debug|Any CPU
		{7BC44CE4-BE8B-4D2C-ACFE-845B4AC751D4}.Debug|Any CPU.Build.0 = Debug|Any CPU
		{7BC44CE4-BE8B-4D2C-ACFE-845B4AC751D4}.Release|Any CPU.ActiveCfg = Release|Any CPU
		{7BC44CE4-BE8B-4D2C-ACFE-845B4AC751D4}.Release|Any CPU.Build.0 = Release|Any CPU
	EndGlobalSection
	GlobalSection(SolutionProperties) = preSolution
		HideSolutionNode = FALSE
	EndGlobalSection
	GlobalSection(ExtensibilityGlobals) = postSolution
		SolutionGuid = {5D5F9FCD-58FC-40A4-A813-64BE1DA3663E}
	EndGlobalSection
EndGlobal
